// !$*UTF8*$!
{
	archiveVersion = 1;
	classes = {
	};
	objectVersion = 46;
	objects = {

/* Begin PBXBuildFile section */
		3349DCE21E83F8CD00306AFB /* AppDelegate.swift in Sources */ = {isa = PBXBuildFile; fileRef = 3349DCE11E83F8CD00306AFB /* AppDelegate.swift */; };
		3349DCE41E83F8CD00306AFB /* ViewController.swift in Sources */ = {isa = PBXBuildFile; fileRef = 3349DCE31E83F8CD00306AFB /* ViewController.swift */; };
		3349DCE71E83F8CD00306AFB /* Main.storyboard in Resources */ = {isa = PBXBuildFile; fileRef = 3349DCE51E83F8CD00306AFB /* Main.storyboard */; };
		3349DCE91E83F8CD00306AFB /* Assets.xcassets in Resources */ = {isa = PBXBuildFile; fileRef = 3349DCE81E83F8CD00306AFB /* Assets.xcassets */; };
		3349DCEC1E83F8CD00306AFB /* LaunchScreen.storyboard in Resources */ = {isa = PBXBuildFile; fileRef = 3349DCEA1E83F8CD00306AFB /* LaunchScreen.storyboard */; };
		63916C1600A895683A98BCD0 /* Pods_calculator.framework in Frameworks */ = {isa = PBXBuildFile; fileRef = 2E5EF21909332D41085C9BB9 /* Pods_calculator.framework */; };
/* End PBXBuildFile section */

/* Begin PBXFileReference section */
		2E5EF21909332D41085C9BB9 /* Pods_calculator.framework */ = {isa = PBXFileReference; explicitFileType = wrapper.framework; includeInIndex = 0; path = Pods_calculator.framework; sourceTree = BUILT_PRODUCTS_DIR; };
		3349DCDE1E83F8CD00306AFB /* calculator.app */ = {isa = PBXFileReference; explicitFileType = wrapper.application; includeInIndex = 0; path = calculator.app; sourceTree = BUILT_PRODUCTS_DIR; };
		3349DCE11E83F8CD00306AFB /* AppDelegate.swift */ = {isa = PBXFileReference; lastKnownFileType = sourcecode.swift; path = AppDelegate.swift; sourceTree = "<group>"; };
		3349DCE31E83F8CD00306AFB /* ViewController.swift */ = {isa = PBXFileReference; lastKnownFileType = sourcecode.swift; path = ViewController.swift; sourceTree = "<group>"; };
		3349DCE61E83F8CD00306AFB /* Base */ = {isa = PBXFileReference; lastKnownFileType = file.storyboard; name = Base; path = Base.lproj/Main.storyboard; sourceTree = "<group>"; };
		3349DCE81E83F8CD00306AFB /* Assets.xcassets */ = {isa = PBXFileReference; lastKnownFileType = folder.assetcatalog; path = Assets.xcassets; sourceTree = "<group>"; };
		3349DCEB1E83F8CD00306AFB /* Base */ = {isa = PBXFileReference; lastKnownFileType = file.storyboard; name = Base; path = Base.lproj/LaunchScreen.storyboard; sourceTree = "<group>"; };
		3349DCED1E83F8CD00306AFB /* Info.plist */ = {isa = PBXFileReference; lastKnownFileType = text.plist.xml; path = Info.plist; sourceTree = "<group>"; };
		344977F3B791AF6B6F5C4FB8 /* Pods-calculator.debug.xcconfig */ = {isa = PBXFileReference; includeInIndex = 1; lastKnownFileType = text.xcconfig; name = "Pods-calculator.debug.xcconfig"; path = "Pods/Target Support Files/Pods-calculator/Pods-calculator.debug.xcconfig"; sourceTree = "<group>"; };
		80FD93C8B6B419F19E3AEC47 /* Pods-calculator.release.xcconfig */ = {isa = PBXFileReference; includeInIndex = 1; lastKnownFileType = text.xcconfig; name = "Pods-calculator.release.xcconfig"; path = "Pods/Target Support Files/Pods-calculator/Pods-calculator.release.xcconfig"; sourceTree = "<group>"; };
/* End PBXFileReference section */

/* Begin PBXFrameworksBuildPhase section */
		3349DCDB1E83F8CD00306AFB /* Frameworks */ = {
			isa = PBXFrameworksBuildPhase;
			buildActionMask = 2147483647;
			files = (
				63916C1600A895683A98BCD0 /* Pods_calculator.framework in Frameworks */,
			);
			runOnlyForDeploymentPostprocessing = 0;
		};
/* End PBXFrameworksBuildPhase section */

/* Begin PBXGroup section */
		3349DCD51E83F8CD00306AFB = {
			isa = PBXGroup;
			children = (
				3349DCE01E83F8CD00306AFB /* calculator */,
				3349DCDF1E83F8CD00306AFB /* Products */,
				DACE14DE7B0337F38AC195EE /* Pods */,
				B602057B6BF434FC6EF7E957 /* Frameworks */,
			);
			sourceTree = "<group>";
		};
		3349DCDF1E83F8CD00306AFB /* Products */ = {
			isa = PBXGroup;
			children = (
				3349DCDE1E83F8CD00306AFB /* calculator.app */,
			);
			name = Products;
			sourceTree = "<group>";
		};
		3349DCE01E83F8CD00306AFB /* calculator */ = {
			isa = PBXGroup;
			children = (
				3349DCE11E83F8CD00306AFB /* AppDelegate.swift */,
				3349DCE31E83F8CD00306AFB /* ViewController.swift */,
				3349DCE51E83F8CD00306AFB /* Main.storyboard */,
				3349DCE81E83F8CD00306AFB /* Assets.xcassets */,
				3349DCEA1E83F8CD00306AFB /* LaunchScreen.storyboard */,
				3349DCED1E83F8CD00306AFB /* Info.plist */,
			);
			path = calculator;
			sourceTree = "<group>";
		};
		B602057B6BF434FC6EF7E957 /* Frameworks */ = {
			isa = PBXGroup;
			children = (
				2E5EF21909332D41085C9BB9 /* Pods_calculator.framework */,
			);
			name = Frameworks;
			sourceTree = "<group>";
		};
		DACE14DE7B0337F38AC195EE /* Pods */ = {
			isa = PBXGroup;
			children = (
				344977F3B791AF6B6F5C4FB8 /* Pods-calculator.debug.xcconfig */,
				80FD93C8B6B419F19E3AEC47 /* Pods-calculator.release.xcconfig */,
			);
			name = Pods;
			sourceTree = "<group>";
		};
/* End PBXGroup section */

/* Begin PBXNativeTarget section */
		3349DCDD1E83F8CD00306AFB /* calculator */ = {
			isa = PBXNativeTarget;
			buildConfigurationList = 3349DCF01E83F8CD00306AFB /* Build configuration list for PBXNativeTarget "calculator" */;
			buildPhases = (
				65F6D6EFE7AA08A37B8C11F4 /* [CP] Check Pods Manifest.lock */,
				3349DCDA1E83F8CD00306AFB /* Sources */,
				3349DCDB1E83F8CD00306AFB /* Frameworks */,
				3349DCDC1E83F8CD00306AFB /* Resources */,
				C5DF30F08FA7EC9867104AEB /* [CP] Embed Pods Frameworks */,
				F634080ECDA61D26FFFF936A /* [CP] Copy Pods Resources */,
			);
			buildRules = (
			);
			dependencies = (
			);
			name = calculator;
			productName = calculator;
			productReference = 3349DCDE1E83F8CD00306AFB /* calculator.app */;
			productType = "com.apple.product-type.application";
		};
/* End PBXNativeTarget section */

/* Begin PBXProject section */
		3349DCD61E83F8CD00306AFB /* Project object */ = {
			isa = PBXProject;
			attributes = {
				LastSwiftUpdateCheck = 0730;
				LastUpgradeCheck = 0730;
				ORGANIZATIONNAME = asa10yoru;
				TargetAttributes = {
					3349DCDD1E83F8CD00306AFB = {
						CreatedOnToolsVersion = 7.3;
					};
				};
			};
			buildConfigurationList = 3349DCD91E83F8CD00306AFB /* Build configuration list for PBXProject "calculator" */;
			compatibilityVersion = "Xcode 3.2";
			developmentRegion = English;
			hasScannedForEncodings = 0;
			knownRegions = (
				en,
				Base,
			);
			mainGroup = 3349DCD51E83F8CD00306AFB;
			productRefGroup = 3349DCDF1E83F8CD00306AFB /* Products */;
			projectDirPath = "";
			projectRoot = "";
			targets = (
				3349DCDD1E83F8CD00306AFB /* calculator */,
			);
		};
/* End PBXProject section */

/* Begin PBXResourcesBuildPhase section */
		3349DCDC1E83F8CD00306AFB /* Resources */ = {
			isa = PBXResourcesBuildPhase;
			buildActionMask = 2147483647;
			files = (
				3349DCEC1E83F8CD00306AFB /* LaunchScreen.storyboard in Resources */,
				3349DCE91E83F8CD00306AFB /* Assets.xcassets in Resources */,
				3349DCE71E83F8CD00306AFB /* Main.storyboard in Resources */,
			);
			runOnlyForDeploymentPostprocessing = 0;
		};
/* End PBXResourcesBuildPhase section */

/* Begin PBXShellScriptBuildPhase section */
		65F6D6EFE7AA08A37B8C11F4 /* [CP] Check Pods Manifest.lock */ = {
			isa = PBXShellScriptBuildPhase;
			buildActionMask = 2147483647;
			files = (
			);
			inputPaths = (
			);
			name = "[CP] Check Pods Manifest.lock";
			outputPaths = (
			);
			runOnlyForDeploymentPostprocessing = 0;
			shellPath = /bin/sh;
			shellScript = "diff \"${PODS_ROOT}/../Podfile.lock\" \"${PODS_ROOT}/Manifest.lock\" > /dev/null\nif [ $? != 0 ] ; then\n    # print error to STDERR\n    echo \"error: The sandbox is not in sync with the Podfile.lock. Run 'pod install' or update your CocoaPods installation.\" >&2\n    exit 1\nfi\n";
			showEnvVarsInLog = 0;
		};
		C5DF30F08FA7EC9867104AEB /* [CP] Embed Pods Frameworks */ = {
			isa = PBXShellScriptBuildPhase;
			buildActionMask = 2147483647;
			files = (
			);
			inputPaths = (
			);
			name = "[CP] Embed Pods Frameworks";
			outputPaths = (
			);
			runOnlyForDeploymentPostprocessing = 0;
			shellPath = /bin/sh;
			shellScript = "\"${SRCROOT}/Pods/Target Support Files/Pods-calculator/Pods-calculator-frameworks.sh\"\n";
			showEnvVarsInLog = 0;
		};
		F634080ECDA61D26FFFF936A /* [CP] Copy Pods Resources */ = {
			isa = PBXShellScriptBuildPhase;
			buildActionMask = 2147483647;
			files = (
			);
			inputPaths = (
			);
			name = "[CP] Copy Pods Resources";
			outputPaths = (
			);
			runOnlyForDeploymentPostprocessing = 0;
			shellPath = /bin/sh;
			shellScript = "\"${SRCROOT}/Pods/Target Support Files/Pods-calculator/Pods-calculator-resources.sh\"\n";
			showEnvVarsInLog = 0;
		};
/* End PBXShellScriptBuildPhase section */

/* Begin PBXSourcesBuildPhase section */
		3349DCDA1E83F8CD00306AFB /* Sources */ = {
			isa = PBXSourcesBuildPhase;
			buildActionMask = 2147483647;
			files = (
				3349DCE41E83F8CD00306AFB /* ViewController.swift in Sources */,
				3349DCE21E83F8CD00306AFB /* AppDelegate.swift in Sources */,
			);
			runOnlyForDeploymentPostprocessing = 0;
		};
/* End PBXSourcesBuildPhase section */

/* Begin PBXVariantGroup section */
		3349DCE51E83F8CD00306AFB /* Main.storyboard */ = {
			isa = PBXVariantGroup;
			children = (
				3349DCE61E83F8CD00306AFB /* Base */,
			);
			name = Main.storyboard;
			sourceTree = "<group>";
		};
		3349DCEA1E83F8CD00306AFB /* LaunchScreen.storyboard */ = {
			isa = PBXVariantGroup;
			children = (
				3349DCEB1E83F8CD00306AFB /* Base */,
			);
			name = LaunchScreen.storyboard;
			sourceTree = "<group>";
		};
/* End PBXVariantGroup section */

/* Begin XCBuildConfiguration section */
		3349DCEE1E83F8CD00306AFB /* Debug */ = {
			isa = XCBuildConfiguration;
			buildSettings = {
				ALWAYS_SEARCH_USER_PATHS = NO;
				CLANG_ANALYZER_NONNULL = YES;
				CLANG_CXX_LANGUAGE_STANDARD = "gnu++0x";
				CLANG_CXX_LIBRARY = "libc++";
				CLANG_ENABLE_MODULES = YES;
				CLANG_ENABLE_OBJC_ARC = YES;
				CLANG_WARN_BOOL_CONVERSION = YES;
				CLANG_WARN_CONSTANT_CONVERSION = YES;
				CLANG_WARN_DIRECT_OBJC_ISA_USAGE = YES_ERROR;
				CLANG_WARN_EMPTY_BODY = YES;
				CLANG_WARN_ENUM_CONVERSION = YES;
				CLANG_WARN_INT_CONVERSION = YES;
				CLANG_WARN_OBJC_ROOT_CLASS = YES_ERROR;
				CLANG_WARN_UNREACHABLE_CODE = YES;
				CLANG_WARN__DUPLICATE_METHOD_MATCH = YES;
				"CODE_SIGN_IDENTITY[sdk=iphoneos*]" = "iPhone Developer";
				COPY_PHASE_STRIP = NO;
				DEBUG_INFORMATION_FORMAT = dwarf;
				ENABLE_STRICT_OBJC_MSGSEND = YES;
				ENABLE_TESTABILITY = YES;
				GCC_C_LANGUAGE_STANDARD = gnu99;
				GCC_DYNAMIC_NO_PIC = NO;
				GCC_NO_COMMON_BLOCKS = YES;
				GCC_OPTIMIZATION_LEVEL = 0;
				GCC_PREPROCESSOR_DEFINITIONS = (
					"DEBUG=1",
					"$(inherited)",
				);
				GCC_WARN_64_TO_32_BIT_CONVERSION = YES;
				GCC_WARN_ABOUT_RETURN_TYPE = YES_ERROR;
				GCC_WARN_UNDECLARED_SELECTOR = YES;
				GCC_WARN_UNINITIALIZED_AUTOS = YES_AGGRESSIVE;
				GCC_WARN_UNUSED_FUNCTION = YES;
				GCC_WARN_UNUSED_VARIABLE = YES;
				IPHONEOS_DEPLOYMENT_TARGET = 9.3;
				MTL_ENABLE_DEBUG_INFO = YES;
				ONLY_ACTIVE_ARCH = YES;
				SDKROOT = iphoneos;
				SWIFT_OPTIMIZATION_LEVEL = "-Onone";
			};
			name = Debug;
		};
		3349DCEF1E83F8CD00306AFB /* Release */ = {
			isa = XCBuildConfiguration;
			buildSettings = {
				ALWAYS_SEARCH_USER_PATHS = NO;
				CLANG_ANALYZER_NONNULL = YES;
				CLANG_CXX_LANGUAGE_STANDARD = "gnu++0x";
				CLANG_CXX_LIBRARY = "libc++";
				CLANG_ENABLE_MODULES = YES;
				CLANG_ENABLE_OBJC_ARC = YES;
				CLANG_WARN_BOOL_CONVERSION = YES;
				CLANG_WARN_CONSTANT_CONVERSION = YES;
				CLANG_WARN_DIRECT_OBJC_ISA_USAGE = YES_ERROR;
				CLANG_WARN_EMPTY_BODY = YES;
				CLANG_WARN_ENUM_CONVERSION = YES;
				CLANG_WARN_INT_CONVERSION = YES;
				CLANG_WARN_OBJC_ROOT_CLASS = YES_ERROR;
				CLANG_WARN_UNREACHABLE_CODE = YES;
				CLANG_WARN__DUPLICATE_METHOD_MATCH = YES;
				"CODE_SIGN_IDENTITY[sdk=iphoneos*]" = "iPhone Developer";
				COPY_PHASE_STRIP = NO;
				DEBUG_INFORMATION_FORMAT = "dwarf-with-dsym";
				ENABLE_NS_ASSERTIONS = NO;
				ENABLE_STRICT_OBJC_MSGSEND = YES;
				GCC_C_LANGUAGE_STANDARD = gnu99;
				GCC_NO_COMMON_BLOCKS = YES;
				GCC_WARN_64_TO_32_BIT_CONVERSION = YES;
				GCC_WARN_ABOUT_RETURN_TYPE = YES_ERROR;
				GCC_WARN_UNDECLARED_SELECTOR = YES;
				GCC_WARN_UNINITIALIZED_AUTOS = YES_AGGRESSIVE;
				GCC_WARN_UNUSED_FUNCTION = YES;
				GCC_WARN_UNUSED_VARIABLE = YES;
				IPHONEOS_DEPLOYMENT_TARGET = 9.3;
				MTL_ENABLE_DEBUG_INFO = NO;
				SDKROOT = iphoneos;
				VALIDATE_PRODUCT = YES;
			};
			name = Release;
		};
		3349DCF11E83F8CD00306AFB /* Debug */ = {
			isa = XCBuildConfiguration;
			baseConfigurationReference = 344977F3B791AF6B6F5C4FB8 /* Pods-calculator.debug.xcconfig */;
			buildSettings = {
				ASSETCATALOG_COMPILER_APPICON_NAME = AppIcon;
				INFOPLIST_FILE = calculator/Info.plist;
				LD_RUNPATH_SEARCH_PATHS = "$(inherited) @executable_path/Frameworks";
				PRODUCT_BUNDLE_IDENTIFIER = jp.techacademy.asa10yoru.calculator;
				PRODUCT_NAME = "$(TARGET_NAME)";
			};
			name = Debug;
		};
		3349DCF21E83F8CD00306AFB /* Release */ = {
			isa = XCBuildConfiguration;
			baseConfigurationReference = 80FD93C8B6B419F19E3AEC47 /* Pods-calculator.release.xcconfig */;
			buildSettings = {
				ASSETCATALOG_COMPILER_APPICON_NAME = AppIcon;
				INFOPLIST_FILE = calculator/Info.plist;
				LD_RUNPATH_SEARCH_PATHS = "$(inherited) @executable_path/Frameworks";
				PRODUCT_BUNDLE_IDENTIFIER = jp.techacademy.asa10yoru.calculator;
				PRODUCT_NAME = "$(TARGET_NAME)";
			};
			name = Release;
		};
/* End XCBuildConfiguration section */

/* Begin XCConfigurationList section */
		3349DCD91E83F8CD00306AFB /* Build configuration list for PBXProject "calculator" */ = {
			isa = XCConfigurationList;
			buildConfigurations = (
				3349DCEE1E83F8CD00306AFB /* Debug */,
				3349DCEF1E83F8CD00306AFB /* Release */,
			);
			defaultConfigurationIsVisible = 0;
			defaultConfigurationName = Release;
		};
		3349DCF01E83F8CD00306AFB /* Build configuration list for PBXNativeTarget "calculator" */ = {
			isa = XCConfigurationList;
			buildConfigurations = (
				3349DCF11E83F8CD00306AFB /* Debug */,
				3349DCF21E83F8CD00306AFB /* Release */,
			);
			defaultConfigurationIsVisible = 0;
		};
/* End XCConfigurationList section */
	};
	rootObject = 3349DCD61E83F8CD00306AFB /* Project object */;
}
